
Microsoft Visual Studio Solution File, Format Version 12.00
# Visual Studio Version 17
VisualStudioVersion = 17.0.31903.59
MinimumVisualStudioVersion = 10.0.40219.1
Project("{2150E333-8FDC-42A3-9474-1A3956D46DE8}") = "Services", "Services", "{22E642AE-B439-46C5-B588-0C660C4D5661}"
EndProject
Project("{2150E333-8FDC-42A3-9474-1A3956D46DE8}") = "UserService", "UserService", "{D345D85F-C713-4FC5-910D-FA601767EE36}"
EndProject
Project("{FAE04EC0-301F-11D3-BF4B-00C04F79EFBC}") = "UserService.API", "Services\UserService\UserService.API\UserService.API.csproj", "{802497EC-6DA7-4F6B-9566-FDC18F3A5894}"
EndProject
Project("{FAE04EC0-301F-11D3-BF4B-00C04F79EFBC}") = "UserService.Application", "Services\UserService\UserService.Application\UserService.Application.csproj", "{409AEEEB-5F72-4AEA-BF62-1E8C56CFA15F}"
EndProject
Project("{FAE04EC0-301F-11D3-BF4B-00C04F79EFBC}") = "UserService.Domain", "Services\UserService\UserService.Domain\UserService.Domain.csproj", "{DBA00EB2-F8A5-464F-B569-C288C7ECE91E}"
EndProject
Project("{FAE04EC0-301F-11D3-BF4B-00C04F79EFBC}") = "UserService.Contracts", "Services\UserService\UserService.Contracts\UserService.Contracts.csproj", "{6A59947F-265F-458F-8566-266F533D7D3E}"
EndProject
Project("{FAE04EC0-301F-11D3-BF4B-00C04F79EFBC}") = "UserService.Tests", "Services\UserService\UserService.Tests\UserService.Tests.csproj", "{C3F199DE-8F35-4846-BC8E-FB60A8341FD0}"
EndProject
Project("{2150E333-8FDC-42A3-9474-1A3956D46DE8}") = "SAService", "SAService", "{9E3F1205-49C9-4D7A-9B92-51832298B5E2}"
EndProject
Project("{FAE04EC0-301F-11D3-BF4B-00C04F79EFBC}") = "SAService.API", "Services\SAService\SAService.API\SAService.API.csproj", "{38657032-4122-4B6B-A256-AEA4E4B309EE}"
EndProject
Project("{FAE04EC0-301F-11D3-BF4B-00C04F79EFBC}") = "SAService.Application", "Services\SAService\SAService.Application\SAService.Application.csproj", "{2CFC4D95-B1F2-4EE4-BACE-CD8E8D69EC0B}"
EndProject
Project("{FAE04EC0-301F-11D3-BF4B-00C04F79EFBC}") = "SAService.Domain", "Services\SAService\SAService.Domain\SAService.Domain.csproj", "{F8809FA2-0CB2-4F0B-81FB-0DE22812CFA4}"
EndProject
Project("{FAE04EC0-301F-11D3-BF4B-00C04F79EFBC}") = "SAService.Contracts", "Services\SAService\SAService.Contracts\SAService.Contracts.csproj", "{59E77BD9-4FD8-4655-B135-57AE1C9A70BB}"
EndProject
Project("{FAE04EC0-301F-11D3-BF4B-00C04F79EFBC}") = "SAService.Tests", "Services\SAService\SAService.Tests\SAService.Tests.csproj", "{EE4137EC-9610-4486-8E96-8558273714B4}"
EndProject
Project("{2150E333-8FDC-42A3-9474-1A3956D46DE8}") = "ApiGateway", "ApiGateway", "{4FEA844B-8C0A-4A70-A793-36F3235289FC}"
EndProject
Project("{FAE04EC0-301F-11D3-BF4B-00C04F79EFBC}") = "SAService.InfraStructure", "Services\SAService\SAService.InfraStructure\SAService.InfraStructure.csproj", "{7A1E25D2-1EF8-44C9-855E-E998E4BD3F5C}"
EndProject
Project("{FAE04EC0-301F-11D3-BF4B-00C04F79EFBC}") = "ApiGateway.InfraStructure", "ApiGateway\ApiGateway.InfraStructure\ApiGateway.InfraStructure.csproj", "{EAD6FA5C-221B-4545-81E3-E6DA06A01887}"
EndProject
Project("{FAE04EC0-301F-11D3-BF4B-00C04F79EFBC}") = "ApiGateway.Application", "ApiGateway\ApiGateway.Application\ApiGateway.Application.csproj", "{C818C56A-4793-4D68-B1A6-C02BE5D2BD95}"
EndProject
Project("{FAE04EC0-301F-11D3-BF4B-00C04F79EFBC}") = "ApiGateway.API", "ApiGateway\ApiGateway.API\ApiGateway.API.csproj", "{4C9D0E3B-3534-44DD-B97A-BD41FE4AC29C}"
EndProject
Project("{2150E333-8FDC-42A3-9474-1A3956D46DE8}") = "Shared", "Shared", "{2A626C43-D032-4DEB-A25D-5C4E47980F61}"
EndProject
Project("{FAE04EC0-301F-11D3-BF4B-00C04F79EFBC}") = "LATALL.SharedKernel", "Shared\LATALL.SharedKernel\LATALL.SharedKernel.csproj", "{1A08E63C-426B-46FC-8766-6C6C121616A1}"
EndProject
Project("{2150E333-8FDC-42A3-9474-1A3956D46DE8}") = "ProductService", "ProductService", "{543F64B8-DAA5-4E8B-A2EE-285D41C537A7}"
EndProject
Project("{FAE04EC0-301F-11D3-BF4B-00C04F79EFBC}") = "ProductService.API", "Services\ProductService\ProductService.API\ProductService.API.csproj", "{42F85FA9-FAD2-4EB6-A69E-371C4011B87B}"
EndProject
Project("{FAE04EC0-301F-11D3-BF4B-00C04F79EFBC}") = "ProductService.Application", "Services\ProductService\ProductService.Application\ProductService.Application.csproj", "{6A9A2086-A50B-4066-8624-23E1AD8F1622}"
EndProject
Project("{FAE04EC0-301F-11D3-BF4B-00C04F79EFBC}") = "ProductService.Domain", "Services\ProductService\ProductService.Domain\ProductService.Domain.csproj", "{F3ABF41F-8CC2-47FF-AA85-4A2C6DA97069}"
EndProject
Project("{FAE04EC0-301F-11D3-BF4B-00C04F79EFBC}") = "ProductService.InfraStructure", "Services\ProductService\ProductService.InfraStructure\ProductService.InfraStructure.csproj", "{400A3F76-B097-47FF-A473-9F32698E4220}"
EndProject
Project("{FAE04EC0-301F-11D3-BF4B-00C04F79EFBC}") = "ProductService.Contracts", "Services\ProductService\ProductService.Contracts\ProductService.Contracts.csproj", "{6774E49A-FC00-4804-B16B-4C8F25C5D4F3}"
EndProject
Project("{FAE04EC0-301F-11D3-BF4B-00C04F79EFBC}") = "ProductService.Tests", "Services\ProductService\ProductService.Tests\ProductService.Tests.csproj", "{D56E1A8A-5443-4097-AF8C-44589D50972C}"
EndProject
Project("{2150E333-8FDC-42A3-9474-1A3956D46DE8}") = "InventoryService", "InventoryService", "{B545B93A-C3EC-49A7-8C1D-4A16541B185D}"
EndProject
Project("{FAE04EC0-301F-11D3-BF4B-00C04F79EFBC}") = "InventoryService.API", "Services\InventoryService\InventoryService.API\InventoryService.API.csproj", "{78260871-D8D0-4EE3-9D52-FE02173FD44A}"
EndProject
Project("{FAE04EC0-301F-11D3-BF4B-00C04F79EFBC}") = "InventoryService.Application", "Services\InventoryService\InventoryService.Application\InventoryService.Application.csproj", "{FA04B7E0-6631-4A16-9F5C-9C337F63F469}"
EndProject
Project("{FAE04EC0-301F-11D3-BF4B-00C04F79EFBC}") = "InventoryService.InfraStructure", "Services\InventoryService\InventoryService.InfraStructure\InventoryService.InfraStructure.csproj", "{BED89433-3170-46A9-A163-44396BFBB568}"
EndProject
Project("{FAE04EC0-301F-11D3-BF4B-00C04F79EFBC}") = "InventoryService.Domain", "Services\InventoryService\InventoryService.Domain\InventoryService.Domain.csproj", "{D79CBBA7-D91B-42F7-8F60-A1EF98779893}"
EndProject
Project("{FAE04EC0-301F-11D3-BF4B-00C04F79EFBC}") = "InventoryService.Contracts", "Services\InventoryService\InventoryService.Contracts\InventoryService.Contracts.csproj", "{ECC7F02A-DF91-4763-8C92-089CA9444820}"
EndProject
Project("{FAE04EC0-301F-11D3-BF4B-00C04F79EFBC}") = "InventoryService.Tests", "Services\InventoryService\InventoryService.Tests\InventoryService.Tests.csproj", "{FDB94D39-BABE-4A4D-B0AB-E4BC990BB332}"
EndProject
Project("{2150E333-8FDC-42A3-9474-1A3956D46DE8}") = "OrderService", "OrderService", "{DB725D41-8CB9-4657-B881-69D1EABF000E}"
EndProject
Project("{FAE04EC0-301F-11D3-BF4B-00C04F79EFBC}") = "OrderService.API", "Services\OrderService\OrderService.API\OrderService.API.csproj", "{8457603A-0084-436F-9333-9415C5A96538}"
EndProject
Project("{FAE04EC0-301F-11D3-BF4B-00C04F79EFBC}") = "OrderService.Application", "Services\OrderService\OrderService.Application\OrderService.Application.csproj", "{008E00ED-2DC3-4F52-A5D3-1E4D16CAE749}"
EndProject
Project("{FAE04EC0-301F-11D3-BF4B-00C04F79EFBC}") = "OrderService.InfraStructure", "Services\OrderService\OrderService.InfraStructure\OrderService.InfraStructure.csproj", "{12038172-F181-4D7A-A418-EC5E7C94F576}"
EndProject
Project("{FAE04EC0-301F-11D3-BF4B-00C04F79EFBC}") = "OrderService.Domain", "Services\OrderService\OrderService.Domain\OrderService.Domain.csproj", "{6A4D295F-E7CD-4D34-8B39-41C523B9878A}"
EndProject
Project("{FAE04EC0-301F-11D3-BF4B-00C04F79EFBC}") = "OrderService.Contracts", "Services\OrderService\OrderService.Contracts\OrderService.Contracts.csproj", "{47FCAE15-8474-4D65-9326-C845C44353FC}"
EndProject
Project("{FAE04EC0-301F-11D3-BF4B-00C04F79EFBC}") = "OrderService.Tests", "Services\OrderService\OrderService.Tests\OrderService.Tests.csproj", "{8810F5BE-63B1-444E-95B3-B592801C400F}"
EndProject
Global
	GlobalSection(SolutionConfigurationPlatforms) = preSolution
		Debug|Any CPU = Debug|Any CPU
		Release|Any CPU = Release|Any CPU
	EndGlobalSection
	GlobalSection(ProjectConfigurationPlatforms) = postSolution
		{802497EC-6DA7-4F6B-9566-FDC18F3A5894}.Debug|Any CPU.ActiveCfg = Debug|Any CPU
		{802497EC-6DA7-4F6B-9566-FDC18F3A5894}.Debug|Any CPU.Build.0 = Debug|Any CPU
		{802497EC-6DA7-4F6B-9566-FDC18F3A5894}.Release|Any CPU.ActiveCfg = Release|Any CPU
		{802497EC-6DA7-4F6B-9566-FDC18F3A5894}.Release|Any CPU.Build.0 = Release|Any CPU
		{409AEEEB-5F72-4AEA-BF62-1E8C56CFA15F}.Debug|Any CPU.ActiveCfg = Debug|Any CPU
		{409AEEEB-5F72-4AEA-BF62-1E8C56CFA15F}.Debug|Any CPU.Build.0 = Debug|Any CPU
		{409AEEEB-5F72-4AEA-BF62-1E8C56CFA15F}.Release|Any CPU.ActiveCfg = Release|Any CPU
		{409AEEEB-5F72-4AEA-BF62-1E8C56CFA15F}.Release|Any CPU.Build.0 = Release|Any CPU
		{DBA00EB2-F8A5-464F-B569-C288C7ECE91E}.Debug|Any CPU.ActiveCfg = Debug|Any CPU
		{DBA00EB2-F8A5-464F-B569-C288C7ECE91E}.Debug|Any CPU.Build.0 = Debug|Any CPU
		{DBA00EB2-F8A5-464F-B569-C288C7ECE91E}.Release|Any CPU.ActiveCfg = Release|Any CPU
		{DBA00EB2-F8A5-464F-B569-C288C7ECE91E}.Release|Any CPU.Build.0 = Release|Any CPU
		{6A59947F-265F-458F-8566-266F533D7D3E}.Debug|Any CPU.ActiveCfg = Debug|Any CPU
		{6A59947F-265F-458F-8566-266F533D7D3E}.Debug|Any CPU.Build.0 = Debug|Any CPU
		{6A59947F-265F-458F-8566-266F533D7D3E}.Release|Any CPU.ActiveCfg = Release|Any CPU
		{6A59947F-265F-458F-8566-266F533D7D3E}.Release|Any CPU.Build.0 = Release|Any CPU
		{C3F199DE-8F35-4846-BC8E-FB60A8341FD0}.Debug|Any CPU.ActiveCfg = Debug|Any CPU
		{C3F199DE-8F35-4846-BC8E-FB60A8341FD0}.Debug|Any CPU.Build.0 = Debug|Any CPU
		{C3F199DE-8F35-4846-BC8E-FB60A8341FD0}.Release|Any CPU.ActiveCfg = Release|Any CPU
		{C3F199DE-8F35-4846-BC8E-FB60A8341FD0}.Release|Any CPU.Build.0 = Release|Any CPU
		{38657032-4122-4B6B-A256-AEA4E4B309EE}.Debug|Any CPU.ActiveCfg = Debug|Any CPU
		{38657032-4122-4B6B-A256-AEA4E4B309EE}.Debug|Any CPU.Build.0 = Debug|Any CPU
		{38657032-4122-4B6B-A256-AEA4E4B309EE}.Release|Any CPU.ActiveCfg = Release|Any CPU
		{38657032-4122-4B6B-A256-AEA4E4B309EE}.Release|Any CPU.Build.0 = Release|Any CPU
		{2CFC4D95-B1F2-4EE4-BACE-CD8E8D69EC0B}.Debug|Any CPU.ActiveCfg = Debug|Any CPU
		{2CFC4D95-B1F2-4EE4-BACE-CD8E8D69EC0B}.Debug|Any CPU.Build.0 = Debug|Any CPU
		{2CFC4D95-B1F2-4EE4-BACE-CD8E8D69EC0B}.Release|Any CPU.ActiveCfg = Release|Any CPU
		{2CFC4D95-B1F2-4EE4-BACE-CD8E8D69EC0B}.Release|Any CPU.Build.0 = Release|Any CPU
		{F8809FA2-0CB2-4F0B-81FB-0DE22812CFA4}.Debug|Any CPU.ActiveCfg = Debug|Any CPU
		{F8809FA2-0CB2-4F0B-81FB-0DE22812CFA4}.Debug|Any CPU.Build.0 = Debug|Any CPU
		{F8809FA2-0CB2-4F0B-81FB-0DE22812CFA4}.Release|Any CPU.ActiveCfg = Release|Any CPU
		{F8809FA2-0CB2-4F0B-81FB-0DE22812CFA4}.Release|Any CPU.Build.0 = Release|Any CPU
		{59E77BD9-4FD8-4655-B135-57AE1C9A70BB}.Debug|Any CPU.ActiveCfg = Debug|Any CPU
		{59E77BD9-4FD8-4655-B135-57AE1C9A70BB}.Debug|Any CPU.Build.0 = Debug|Any CPU
		{59E77BD9-4FD8-4655-B135-57AE1C9A70BB}.Release|Any CPU.ActiveCfg = Release|Any CPU
		{59E77BD9-4FD8-4655-B135-57AE1C9A70BB}.Release|Any CPU.Build.0 = Release|Any CPU
		{EE4137EC-9610-4486-8E96-8558273714B4}.Debug|Any CPU.ActiveCfg = Debug|Any CPU
		{EE4137EC-9610-4486-8E96-8558273714B4}.Debug|Any CPU.Build.0 = Debug|Any CPU
		{EE4137EC-9610-4486-8E96-8558273714B4}.Release|Any CPU.ActiveCfg = Release|Any CPU
		{EE4137EC-9610-4486-8E96-8558273714B4}.Release|Any CPU.Build.0 = Release|Any CPU
		{7A1E25D2-1EF8-44C9-855E-E998E4BD3F5C}.Debug|Any CPU.ActiveCfg = Debug|Any CPU
		{7A1E25D2-1EF8-44C9-855E-E998E4BD3F5C}.Debug|Any CPU.Build.0 = Debug|Any CPU
		{7A1E25D2-1EF8-44C9-855E-E998E4BD3F5C}.Release|Any CPU.ActiveCfg = Release|Any CPU
		{7A1E25D2-1EF8-44C9-855E-E998E4BD3F5C}.Release|Any CPU.Build.0 = Release|Any CPU
		{EAD6FA5C-221B-4545-81E3-E6DA06A01887}.Debug|Any CPU.ActiveCfg = Debug|Any CPU
		{EAD6FA5C-221B-4545-81E3-E6DA06A01887}.Debug|Any CPU.Build.0 = Debug|Any CPU
		{EAD6FA5C-221B-4545-81E3-E6DA06A01887}.Release|Any CPU.ActiveCfg = Release|Any CPU
		{EAD6FA5C-221B-4545-81E3-E6DA06A01887}.Release|Any CPU.Build.0 = Release|Any CPU
		{C818C56A-4793-4D68-B1A6-C02BE5D2BD95}.Debug|Any CPU.ActiveCfg = Debug|Any CPU
		{C818C56A-4793-4D68-B1A6-C02BE5D2BD95}.Debug|Any CPU.Build.0 = Debug|Any CPU
		{C818C56A-4793-4D68-B1A6-C02BE5D2BD95}.Release|Any CPU.ActiveCfg = Release|Any CPU
		{C818C56A-4793-4D68-B1A6-C02BE5D2BD95}.Release|Any CPU.Build.0 = Release|Any CPU
		{4C9D0E3B-3534-44DD-B97A-BD41FE4AC29C}.Debug|Any CPU.ActiveCfg = Debug|Any CPU
		{4C9D0E3B-3534-44DD-B97A-BD41FE4AC29C}.Debug|Any CPU.Build.0 = Debug|Any CPU
		{4C9D0E3B-3534-44DD-B97A-BD41FE4AC29C}.Release|Any CPU.ActiveCfg = Release|Any CPU
		{4C9D0E3B-3534-44DD-B97A-BD41FE4AC29C}.Release|Any CPU.Build.0 = Release|Any CPU
		{1A08E63C-426B-46FC-8766-6C6C121616A1}.Debug|Any CPU.ActiveCfg = Debug|Any CPU
		{1A08E63C-426B-46FC-8766-6C6C121616A1}.Debug|Any CPU.Build.0 = Debug|Any CPU
		{1A08E63C-426B-46FC-8766-6C6C121616A1}.Release|Any CPU.ActiveCfg = Release|Any CPU
		{1A08E63C-426B-46FC-8766-6C6C121616A1}.Release|Any CPU.Build.0 = Release|Any CPU
		{42F85FA9-FAD2-4EB6-A69E-371C4011B87B}.Debug|Any CPU.ActiveCfg = Debug|Any CPU
		{42F85FA9-FAD2-4EB6-A69E-371C4011B87B}.Debug|Any CPU.Build.0 = Debug|Any CPU
		{42F85FA9-FAD2-4EB6-A69E-371C4011B87B}.Release|Any CPU.ActiveCfg = Release|Any CPU
		{42F85FA9-FAD2-4EB6-A69E-371C4011B87B}.Release|Any CPU.Build.0 = Release|Any CPU
		{6A9A2086-A50B-4066-8624-23E1AD8F1622}.Debug|Any CPU.ActiveCfg = Debug|Any CPU
		{6A9A2086-A50B-4066-8624-23E1AD8F1622}.Debug|Any CPU.Build.0 = Debug|Any CPU
		{6A9A2086-A50B-4066-8624-23E1AD8F1622}.Release|Any CPU.ActiveCfg = Release|Any CPU
		{6A9A2086-A50B-4066-8624-23E1AD8F1622}.Release|Any CPU.Build.0 = Release|Any CPU
		{F3ABF41F-8CC2-47FF-AA85-4A2C6DA97069}.Debug|Any CPU.ActiveCfg = Debug|Any CPU
		{F3ABF41F-8CC2-47FF-AA85-4A2C6DA97069}.Debug|Any CPU.Build.0 = Debug|Any CPU
		{F3ABF41F-8CC2-47FF-AA85-4A2C6DA97069}.Release|Any CPU.ActiveCfg = Release|Any CPU
		{F3ABF41F-8CC2-47FF-AA85-4A2C6DA97069}.Release|Any CPU.Build.0 = Release|Any CPU
		{400A3F76-B097-47FF-A473-9F32698E4220}.Debug|Any CPU.ActiveCfg = Debug|Any CPU
		{400A3F76-B097-47FF-A473-9F32698E4220}.Debug|Any CPU.Build.0 = Debug|Any CPU
		{400A3F76-B097-47FF-A473-9F32698E4220}.Release|Any CPU.ActiveCfg = Release|Any CPU
		{400A3F76-B097-47FF-A473-9F32698E4220}.Release|Any CPU.Build.0 = Release|Any CPU
		{6774E49A-FC00-4804-B16B-4C8F25C5D4F3}.Debug|Any CPU.ActiveCfg = Debug|Any CPU
		{6774E49A-FC00-4804-B16B-4C8F25C5D4F3}.Debug|Any CPU.Build.0 = Debug|Any CPU
		{6774E49A-FC00-4804-B16B-4C8F25C5D4F3}.Release|Any CPU.ActiveCfg = Release|Any CPU
		{6774E49A-FC00-4804-B16B-4C8F25C5D4F3}.Release|Any CPU.Build.0 = Release|Any CPU
		{D56E1A8A-5443-4097-AF8C-44589D50972C}.Debug|Any CPU.ActiveCfg = Debug|Any CPU
		{D56E1A8A-5443-4097-AF8C-44589D50972C}.Debug|Any CPU.Build.0 = Debug|Any CPU
		{D56E1A8A-5443-4097-AF8C-44589D50972C}.Release|Any CPU.ActiveCfg = Release|Any CPU
		{D56E1A8A-5443-4097-AF8C-44589D50972C}.Release|Any CPU.Build.0 = Release|Any CPU
		{78260871-D8D0-4EE3-9D52-FE02173FD44A}.Debug|Any CPU.ActiveCfg = Debug|Any CPU
		{78260871-D8D0-4EE3-9D52-FE02173FD44A}.Debug|Any CPU.Build.0 = Debug|Any CPU
		{78260871-D8D0-4EE3-9D52-FE02173FD44A}.Release|Any CPU.ActiveCfg = Release|Any CPU
		{78260871-D8D0-4EE3-9D52-FE02173FD44A}.Release|Any CPU.Build.0 = Release|Any CPU
		{FA04B7E0-6631-4A16-9F5C-9C337F63F469}.Debug|Any CPU.ActiveCfg = Debug|Any CPU
		{FA04B7E0-6631-4A16-9F5C-9C337F63F469}.Debug|Any CPU.Build.0 = Debug|Any CPU
		{FA04B7E0-6631-4A16-9F5C-9C337F63F469}.Release|Any CPU.ActiveCfg = Release|Any CPU
		{FA04B7E0-6631-4A16-9F5C-9C337F63F469}.Release|Any CPU.Build.0 = Release|Any CPU
		{BED89433-3170-46A9-A163-44396BFBB568}.Debug|Any CPU.ActiveCfg = Debug|Any CPU
		{BED89433-3170-46A9-A163-44396BFBB568}.Debug|Any CPU.Build.0 = Debug|Any CPU
		{BED89433-3170-46A9-A163-44396BFBB568}.Release|Any CPU.ActiveCfg = Release|Any CPU
		{BED89433-3170-46A9-A163-44396BFBB568}.Release|Any CPU.Build.0 = Release|Any CPU
		{D79CBBA7-D91B-42F7-8F60-A1EF98779893}.Debug|Any CPU.ActiveCfg = Debug|Any CPU
		{D79CBBA7-D91B-42F7-8F60-A1EF98779893}.Debug|Any CPU.Build.0 = Debug|Any CPU
		{D79CBBA7-D91B-42F7-8F60-A1EF98779893}.Release|Any CPU.ActiveCfg = Release|Any CPU
		{D79CBBA7-D91B-42F7-8F60-A1EF98779893}.Release|Any CPU.Build.0 = Release|Any CPU
		{ECC7F02A-DF91-4763-8C92-089CA9444820}.Debug|Any CPU.ActiveCfg = Debug|Any CPU
		{ECC7F02A-DF91-4763-8C92-089CA9444820}.Debug|Any CPU.Build.0 = Debug|Any CPU
		{ECC7F02A-DF91-4763-8C92-089CA9444820}.Release|Any CPU.ActiveCfg = Release|Any CPU
		{ECC7F02A-DF91-4763-8C92-089CA9444820}.Release|Any CPU.Build.0 = Release|Any CPU
		{FDB94D39-BABE-4A4D-B0AB-E4BC990BB332}.Debug|Any CPU.ActiveCfg = Debug|Any CPU
		{FDB94D39-BABE-4A4D-B0AB-E4BC990BB332}.Debug|Any CPU.Build.0 = Debug|Any CPU
		{FDB94D39-BABE-4A4D-B0AB-E4BC990BB332}.Release|Any CPU.ActiveCfg = Release|Any CPU
		{FDB94D39-BABE-4A4D-B0AB-E4BC990BB332}.Release|Any CPU.Build.0 = Release|Any CPU
		{8457603A-0084-436F-9333-9415C5A96538}.Debug|Any CPU.ActiveCfg = Debug|Any CPU
		{8457603A-0084-436F-9333-9415C5A96538}.Debug|Any CPU.Build.0 = Debug|Any CPU
		{8457603A-0084-436F-9333-9415C5A96538}.Release|Any CPU.ActiveCfg = Release|Any CPU
		{8457603A-0084-436F-9333-9415C5A96538}.Release|Any CPU.Build.0 = Release|Any CPU
		{008E00ED-2DC3-4F52-A5D3-1E4D16CAE749}.Debug|Any CPU.ActiveCfg = Debug|Any CPU
		{008E00ED-2DC3-4F52-A5D3-1E4D16CAE749}.Debug|Any CPU.Build.0 = Debug|Any CPU
		{008E00ED-2DC3-4F52-A5D3-1E4D16CAE749}.Release|Any CPU.ActiveCfg = Release|Any CPU
		{008E00ED-2DC3-4F52-A5D3-1E4D16CAE749}.Release|Any CPU.Build.0 = Release|Any CPU
		{12038172-F181-4D7A-A418-EC5E7C94F576}.Debug|Any CPU.ActiveCfg = Debug|Any CPU
		{12038172-F181-4D7A-A418-EC5E7C94F576}.Debug|Any CPU.Build.0 = Debug|Any CPU
		{12038172-F181-4D7A-A418-EC5E7C94F576}.Release|Any CPU.ActiveCfg = Release|Any CPU
		{12038172-F181-4D7A-A418-EC5E7C94F576}.Release|Any CPU.Build.0 = Release|Any CPU
		{6A4D295F-E7CD-4D34-8B39-41C523B9878A}.Debug|Any CPU.ActiveCfg = Debug|Any CPU
		{6A4D295F-E7CD-4D34-8B39-41C523B9878A}.Debug|Any CPU.Build.0 = Debug|Any CPU
		{6A4D295F-E7CD-4D34-8B39-41C523B9878A}.Release|Any CPU.ActiveCfg = Release|Any CPU
		{6A4D295F-E7CD-4D34-8B39-41C523B9878A}.Release|Any CPU.Build.0 = Release|Any CPU
		{47FCAE15-8474-4D65-9326-C845C44353FC}.Debug|Any CPU.ActiveCfg = Debug|Any CPU
		{47FCAE15-8474-4D65-9326-C845C44353FC}.Debug|Any CPU.Build.0 = Debug|Any CPU
		{47FCAE15-8474-4D65-9326-C845C44353FC}.Release|Any CPU.ActiveCfg = Release|Any CPU
		{47FCAE15-8474-4D65-9326-C845C44353FC}.Release|Any CPU.Build.0 = Release|Any CPU
		{8810F5BE-63B1-444E-95B3-B592801C400F}.Debug|Any CPU.ActiveCfg = Debug|Any CPU
		{8810F5BE-63B1-444E-95B3-B592801C400F}.Debug|Any CPU.Build.0 = Debug|Any CPU
		{8810F5BE-63B1-444E-95B3-B592801C400F}.Release|Any CPU.ActiveCfg = Release|Any CPU
		{8810F5BE-63B1-444E-95B3-B592801C400F}.Release|Any CPU.Build.0 = Release|Any CPU
	EndGlobalSection
	GlobalSection(SolutionProperties) = preSolution
		HideSolutionNode = FALSE
	EndGlobalSection
	GlobalSection(NestedProjects) = preSolution
		{D345D85F-C713-4FC5-910D-FA601767EE36} = {22E642AE-B439-46C5-B588-0C660C4D5661}
		{802497EC-6DA7-4F6B-9566-FDC18F3A5894} = {D345D85F-C713-4FC5-910D-FA601767EE36}
		{409AEEEB-5F72-4AEA-BF62-1E8C56CFA15F} = {D345D85F-C713-4FC5-910D-FA601767EE36}
		{DBA00EB2-F8A5-464F-B569-C288C7ECE91E} = {D345D85F-C713-4FC5-910D-FA601767EE36}
		{6A59947F-265F-458F-8566-266F533D7D3E} = {D345D85F-C713-4FC5-910D-FA601767EE36}
		{C3F199DE-8F35-4846-BC8E-FB60A8341FD0} = {D345D85F-C713-4FC5-910D-FA601767EE36}
		{9E3F1205-49C9-4D7A-9B92-51832298B5E2} = {22E642AE-B439-46C5-B588-0C660C4D5661}
		{38657032-4122-4B6B-A256-AEA4E4B309EE} = {9E3F1205-49C9-4D7A-9B92-51832298B5E2}
		{2CFC4D95-B1F2-4EE4-BACE-CD8E8D69EC0B} = {9E3F1205-49C9-4D7A-9B92-51832298B5E2}
		{F8809FA2-0CB2-4F0B-81FB-0DE22812CFA4} = {9E3F1205-49C9-4D7A-9B92-51832298B5E2}
		{59E77BD9-4FD8-4655-B135-57AE1C9A70BB} = {9E3F1205-49C9-4D7A-9B92-51832298B5E2}
		{EE4137EC-9610-4486-8E96-8558273714B4} = {9E3F1205-49C9-4D7A-9B92-51832298B5E2}
		{7A1E25D2-1EF8-44C9-855E-E998E4BD3F5C} = {9E3F1205-49C9-4D7A-9B92-51832298B5E2}
		{EAD6FA5C-221B-4545-81E3-E6DA06A01887} = {4FEA844B-8C0A-4A70-A793-36F3235289FC}
		{C818C56A-4793-4D68-B1A6-C02BE5D2BD95} = {4FEA844B-8C0A-4A70-A793-36F3235289FC}
		{4C9D0E3B-3534-44DD-B97A-BD41FE4AC29C} = {4FEA844B-8C0A-4A70-A793-36F3235289FC}
		{1A08E63C-426B-46FC-8766-6C6C121616A1} = {2A626C43-D032-4DEB-A25D-5C4E47980F61}
		{543F64B8-DAA5-4E8B-A2EE-285D41C537A7} = {22E642AE-B439-46C5-B588-0C660C4D5661}
		{42F85FA9-FAD2-4EB6-A69E-371C4011B87B} = {543F64B8-DAA5-4E8B-A2EE-285D41C537A7}
		{6A9A2086-A50B-4066-8624-23E1AD8F1622} = {543F64B8-DAA5-4E8B-A2EE-285D41C537A7}
		{F3ABF41F-8CC2-47FF-AA85-4A2C6DA97069} = {543F64B8-DAA5-4E8B-A2EE-285D41C537A7}
		{400A3F76-B097-47FF-A473-9F32698E4220} = {543F64B8-DAA5-4E8B-A2EE-285D41C537A7}
		{6774E49A-FC00-4804-B16B-4C8F25C5D4F3} = {543F64B8-DAA5-4E8B-A2EE-285D41C537A7}
		{D56E1A8A-5443-4097-AF8C-44589D50972C} = {543F64B8-DAA5-4E8B-A2EE-285D41C537A7}
		{B545B93A-C3EC-49A7-8C1D-4A16541B185D} = {22E642AE-B439-46C5-B588-0C660C4D5661}
		{78260871-D8D0-4EE3-9D52-FE02173FD44A} = {B545B93A-C3EC-49A7-8C1D-4A16541B185D}
		{FA04B7E0-6631-4A16-9F5C-9C337F63F469} = {B545B93A-C3EC-49A7-8C1D-4A16541B185D}
		{BED89433-3170-46A9-A163-44396BFBB568} = {B545B93A-C3EC-49A7-8C1D-4A16541B185D}
		{D79CBBA7-D91B-42F7-8F60-A1EF98779893} = {B545B93A-C3EC-49A7-8C1D-4A16541B185D}
		{ECC7F02A-DF91-4763-8C92-089CA9444820} = {B545B93A-C3EC-49A7-8C1D-4A16541B185D}
		{FDB94D39-BABE-4A4D-B0AB-E4BC990BB332} = {B545B93A-C3EC-49A7-8C1D-4A16541B185D}
		{DB725D41-8CB9-4657-B881-69D1EABF000E} = {22E642AE-B439-46C5-B588-0C660C4D5661}
		{8457603A-0084-436F-9333-9415C5A96538} = {DB725D41-8CB9-4657-B881-69D1EABF000E}
		{008E00ED-2DC3-4F52-A5D3-1E4D16CAE749} = {DB725D41-8CB9-4657-B881-69D1EABF000E}
		{12038172-F181-4D7A-A418-EC5E7C94F576} = {DB725D41-8CB9-4657-B881-69D1EABF000E}
		{6A4D295F-E7CD-4D34-8B39-41C523B9878A} = {DB725D41-8CB9-4657-B881-69D1EABF000E}
		{47FCAE15-8474-4D65-9326-C845C44353FC} = {DB725D41-8CB9-4657-B881-69D1EABF000E}
		{8810F5BE-63B1-444E-95B3-B592801C400F} = {DB725D41-8CB9-4657-B881-69D1EABF000E}
	EndGlobalSection
EndGlobal
